Microsoft Visual Studio Solution File, Format Version 12.00
# Visual Studio 15
Project("{8BC9CEB8-8B4A-11D0-8D11-00A0C91BC942}") = "ALL_BUILD", "ALL_BUILD.vcxproj", "{A9E81C93-5F17-3559-95F7-A40B2593F439}"
	ProjectSection(ProjectDependencies) = postProject
		{7974409C-4946-334B-BC0F-E5840A9C5811} = {7974409C-4946-334B-BC0F-E5840A9C5811}
		{532FDB4B-7321-358D-AD66-FACA7BF5E2DA} = {532FDB4B-7321-358D-AD66-FACA7BF5E2DA}
		{6B918AD2-D508-33EA-B310-02711E0F323A} = {6B918AD2-D508-33EA-B310-02711E0F323A}
		{B20D1593-5F0E-3581-80C8-25BC87FC00AB} = {B20D1593-5F0E-3581-80C8-25BC87FC00AB}
		{B1E73204-3808-3D36-8E22-E9D794B00762} = {B1E73204-3808-3D36-8E22-E9D794B00762}
		{0111A699-69D6-357D-8759-0F0357688ED6} = {0111A699-69D6-357D-8759-0F0357688ED6}
		{A9062A7B-32A4-3A02-A14B-6970EE65FB2D} = {A9062A7B-32A4-3A02-A14B-6970EE65FB2D}
		{AAADD8E3-05B8-3921-8BF0-F644526586D7} = {AAADD8E3-05B8-3921-8BF0-F644526586D7}
		{B4BCF8EB-84C2-32CA-B8CF-D4C9D6FBC290} = {B4BCF8EB-84C2-32CA-B8CF-D4C9D6FBC290}
		{7092F8F6-7132-3143-9713-EB8B7748BF66} = {7092F8F6-7132-3143-9713-EB8B7748BF66}
		{0AAC77E9-7EDA-3A9C-951C-F3B5BD0B0790} = {0AAC77E9-7EDA-3A9C-951C-F3B5BD0B0790}
		{43F0BCA2-8743-307D-B533-2FCEA25121D4} = {43F0BCA2-8743-307D-B533-2FCEA25121D4}
		{64D92DA8-7F82-3361-AE12-25FB8C8934CE} = {64D92DA8-7F82-3361-AE12-25FB8C8934CE}
		{4A730023-387D-3BB5-900C-99F8DA8C990A} = {4A730023-387D-3BB5-900C-99F8DA8C990A}
		{8E2667A0-40FC-3B25-B5F0-31D133F754A9} = {8E2667A0-40FC-3B25-B5F0-31D133F754A9}
	EndProjectSection
EndProject
Project("{8BC9CEB8-8B4A-11D0-8D11-00A0C91BC942}") = "INSTALL", "INSTALL.vcxproj", "{6D2D8375-5453-3AD4-B83A-B7BFD0AEF6FA}"
	ProjectSection(ProjectDependencies) = postProject
		{A9E81C93-5F17-3559-95F7-A40B2593F439} = {A9E81C93-5F17-3559-95F7-A40B2593F439}
		{7974409C-4946-334B-BC0F-E5840A9C5811} = {7974409C-4946-334B-BC0F-E5840A9C5811}
	EndProjectSection
EndProject
Project("{8BC9CEB8-8B4A-11D0-8D11-00A0C91BC942}") = "ZERO_CHECK", "ZERO_CHECK.vcxproj", "{7974409C-4946-334B-BC0F-E5840A9C5811}"
	ProjectSection(ProjectDependencies) = postProject
	EndProjectSection
EndProject
Project("{8BC9CEB8-8B4A-11D0-8D11-00A0C91BC942}") = "afl-analyze", "afl-analyze.vcxproj", "{532FDB4B-7321-358D-AD66-FACA7BF5E2DA}"
	ProjectSection(ProjectDependencies) = postProject
		{7974409C-4946-334B-BC0F-E5840A9C5811} = {7974409C-4946-334B-BC0F-E5840A9C5811}
	EndProjectSection
EndProject
Project("{8BC9CEB8-8B4A-11D0-8D11-00A0C91BC942}") = "afl-fuzz", "afl-fuzz.vcxproj", "{6B918AD2-D508-33EA-B310-02711E0F323A}"
	ProjectSection(ProjectDependencies) = postProject
		{7974409C-4946-334B-BC0F-E5840A9C5811} = {7974409C-4946-334B-BC0F-E5840A9C5811}
		{AAADD8E3-05B8-3921-8BF0-F644526586D7} = {AAADD8E3-05B8-3921-8BF0-F644526586D7}
		{8E2667A0-40FC-3B25-B5F0-31D133F754A9} = {8E2667A0-40FC-3B25-B5F0-31D133F754A9}
	EndProjectSection
EndProject
Project("{8BC9CEB8-8B4A-11D0-8D11-00A0C91BC942}") = "afl-showmap", "afl-showmap.vcxproj", "{B20D1593-5F0E-3581-80C8-25BC87FC00AB}"
	ProjectSection(ProjectDependencies) = postProject
		{7974409C-4946-334B-BC0F-E5840A9C5811} = {7974409C-4946-334B-BC0F-E5840A9C5811}
	EndProjectSection
EndProject
Project("{8BC9CEB8-8B4A-11D0-8D11-00A0C91BC942}") = "afl-tmin", "afl-tmin.vcxproj", "{B1E73204-3808-3D36-8E22-E9D794B00762}"
	ProjectSection(ProjectDependencies) = postProject
		{7974409C-4946-334B-BC0F-E5840A9C5811} = {7974409C-4946-334B-BC0F-E5840A9C5811}
	EndProjectSection
EndProject
Project("{8BC9CEB8-8B4A-11D0-8D11-00A0C91BC942}") = "custom_net_fuzzer", "custom_net_fuzzer.vcxproj", "{0111A699-69D6-357D-8759-0F0357688ED6}"
	ProjectSection(ProjectDependencies) = postProject
		{7974409C-4946-334B-BC0F-E5840A9C5811} = {7974409C-4946-334B-BC0F-E5840A9C5811}
	EndProjectSection
EndProject
Project("{8BC9CEB8-8B4A-11D0-8D11-00A0C91BC942}") = "custom_winafl_server", "custom_winafl_server.vcxproj", "{A9062A7B-32A4-3A02-A14B-6970EE65FB2D}"
	ProjectSection(ProjectDependencies) = postProject
		{7974409C-4946-334B-BC0F-E5840A9C5811} = {7974409C-4946-334B-BC0F-E5840A9C5811}
	EndProjectSection
EndProject
Project("{8BC9CEB8-8B4A-11D0-8D11-00A0C91BC942}") = "libipt", "third_party\processor-trace\libipt\libipt.vcxproj", "{AAADD8E3-05B8-3921-8BF0-F644526586D7}"
	ProjectSection(ProjectDependencies) = postProject
		{7974409C-4946-334B-BC0F-E5840A9C5811} = {7974409C-4946-334B-BC0F-E5840A9C5811}
	EndProjectSection
EndProject
Project("{8BC9CEB8-8B4A-11D0-8D11-00A0C91BC942}") = "test", "test.vcxproj", "{B4BCF8EB-84C2-32CA-B8CF-D4C9D6FBC290}"
	ProjectSection(ProjectDependencies) = postProject
		{7974409C-4946-334B-BC0F-E5840A9C5811} = {7974409C-4946-334B-BC0F-E5840A9C5811}
	EndProjectSection
EndProject
Project("{8BC9CEB8-8B4A-11D0-8D11-00A0C91BC942}") = "test_gdiplus", "test_gdiplus.vcxproj", "{7092F8F6-7132-3143-9713-EB8B7748BF66}"
	ProjectSection(ProjectDependencies) = postProject
		{7974409C-4946-334B-BC0F-E5840A9C5811} = {7974409C-4946-334B-BC0F-E5840A9C5811}
	EndProjectSection
EndProject
Project("{8BC9CEB8-8B4A-11D0-8D11-00A0C91BC942}") = "test_netmode", "test_netmode.vcxproj", "{0AAC77E9-7EDA-3A9C-951C-F3B5BD0B0790}"
	ProjectSection(ProjectDependencies) = postProject
		{7974409C-4946-334B-BC0F-E5840A9C5811} = {7974409C-4946-334B-BC0F-E5840A9C5811}
	EndProjectSection
EndProject
Project("{8BC9CEB8-8B4A-11D0-8D11-00A0C91BC942}") = "test_servermode", "test_servermode.vcxproj", "{43F0BCA2-8743-307D-B533-2FCEA25121D4}"
	ProjectSection(ProjectDependencies) = postProject
		{7974409C-4946-334B-BC0F-E5840A9C5811} = {7974409C-4946-334B-BC0F-E5840A9C5811}
	EndProjectSection
EndProject
Project("{8BC9CEB8-8B4A-11D0-8D11-00A0C91BC942}") = "winafl", "winafl.vcxproj", "{64D92DA8-7F82-3361-AE12-25FB8C8934CE}"
	ProjectSection(ProjectDependencies) = postProject
		{7974409C-4946-334B-BC0F-E5840A9C5811} = {7974409C-4946-334B-BC0F-E5840A9C5811}
	EndProjectSection
EndProject
Project("{8BC9CEB8-8B4A-11D0-8D11-00A0C91BC942}") = "winaflpt-debug", "winaflpt-debug.vcxproj", "{4A730023-387D-3BB5-900C-99F8DA8C990A}"
	ProjectSection(ProjectDependencies) = postProject
		{7974409C-4946-334B-BC0F-E5840A9C5811} = {7974409C-4946-334B-BC0F-E5840A9C5811}
		{AAADD8E3-05B8-3921-8BF0-F644526586D7} = {AAADD8E3-05B8-3921-8BF0-F644526586D7}
		{8E2667A0-40FC-3B25-B5F0-31D133F754A9} = {8E2667A0-40FC-3B25-B5F0-31D133F754A9}
	EndProjectSection
EndProject
Project("{8BC9CEB8-8B4A-11D0-8D11-00A0C91BC942}") = "winipt", "winipt.vcxproj", "{8E2667A0-40FC-3B25-B5F0-31D133F754A9}"
	ProjectSection(ProjectDependencies) = postProject
		{7974409C-4946-334B-BC0F-E5840A9C5811} = {7974409C-4946-334B-BC0F-E5840A9C5811}
	EndProjectSection
EndProject
Global
	GlobalSection(SolutionConfigurationPlatforms) = preSolution
		Debug|x64 = Debug|x64
		Release|x64 = Release|x64
		MinSizeRel|x64 = MinSizeRel|x64
		RelWithDebInfo|x64 = RelWithDebInfo|x64
	EndGlobalSection
	GlobalSection(ProjectConfigurationPlatforms) = postSolution
		{A9E81C93-5F17-3559-95F7-A40B2593F439}.Debug|x64.ActiveCfg = Debug|x64
		{A9E81C93-5F17-3559-95F7-A40B2593F439}.Debug|x64.Build.0 = Debug|x64
		{A9E81C93-5F17-3559-95F7-A40B2593F439}.Release|x64.ActiveCfg = Release|x64
		{A9E81C93-5F17-3559-95F7-A40B2593F439}.Release|x64.Build.0 = Release|x64
		{A9E81C93-5F17-3559-95F7-A40B2593F439}.MinSizeRel|x64.ActiveCfg = MinSizeRel|x64
		{A9E81C93-5F17-3559-95F7-A40B2593F439}.MinSizeRel|x64.Build.0 = MinSizeRel|x64
		{A9E81C93-5F17-3559-95F7-A40B2593F439}.RelWithDebInfo|x64.ActiveCfg = RelWithDebInfo|x64
		{A9E81C93-5F17-3559-95F7-A40B2593F439}.RelWithDebInfo|x64.Build.0 = RelWithDebInfo|x64
		{6D2D8375-5453-3AD4-B83A-B7BFD0AEF6FA}.Debug|x64.ActiveCfg = Debug|x64
		{6D2D8375-5453-3AD4-B83A-B7BFD0AEF6FA}.Release|x64.ActiveCfg = Release|x64
		{6D2D8375-5453-3AD4-B83A-B7BFD0AEF6FA}.MinSizeRel|x64.ActiveCfg = MinSizeRel|x64
		{6D2D8375-5453-3AD4-B83A-B7BFD0AEF6FA}.RelWithDebInfo|x64.ActiveCfg = RelWithDebInfo|x64
		{7974409C-4946-334B-BC0F-E5840A9C5811}.Debug|x64.ActiveCfg = Debug|x64
		{7974409C-4946-334B-BC0F-E5840A9C5811}.Debug|x64.Build.0 = Debug|x64
		{7974409C-4946-334B-BC0F-E5840A9C5811}.Release|x64.ActiveCfg = Release|x64
		{7974409C-4946-334B-BC0F-E5840A9C5811}.Release|x64.Build.0 = Release|x64
		{7974409C-4946-334B-BC0F-E5840A9C5811}.MinSizeRel|x64.ActiveCfg = MinSizeRel|x64
		{7974409C-4946-334B-BC0F-E5840A9C5811}.MinSizeRel|x64.Build.0 = MinSizeRel|x64
		{7974409C-4946-334B-BC0F-E5840A9C5811}.RelWithDebInfo|x64.ActiveCfg = RelWithDebInfo|x64
		{7974409C-4946-334B-BC0F-E5840A9C5811}.RelWithDebInfo|x64.Build.0 = RelWithDebInfo|x64
		{532FDB4B-7321-358D-AD66-FACA7BF5E2DA}.Debug|x64.ActiveCfg = Debug|x64
		{532FDB4B-7321-358D-AD66-FACA7BF5E2DA}.Debug|x64.Build.0 = Debug|x64
		{532FDB4B-7321-358D-AD66-FACA7BF5E2DA}.Release|x64.ActiveCfg = Release|x64
		{532FDB4B-7321-358D-AD66-FACA7BF5E2DA}.Release|x64.Build.0 = Release|x64
		{532FDB4B-7321-358D-AD66-FACA7BF5E2DA}.MinSizeRel|x64.ActiveCfg = MinSizeRel|x64
		{532FDB4B-7321-358D-AD66-FACA7BF5E2DA}.MinSizeRel|x64.Build.0 = MinSizeRel|x64
		{532FDB4B-7321-358D-AD66-FACA7BF5E2DA}.RelWithDebInfo|x64.ActiveCfg = RelWithDebInfo|x64
		{532FDB4B-7321-358D-AD66-FACA7BF5E2DA}.RelWithDebInfo|x64.Build.0 = RelWithDebInfo|x64
		{6B918AD2-D508-33EA-B310-02711E0F323A}.Debug|x64.ActiveCfg = Debug|x64
		{6B918AD2-D508-33EA-B310-02711E0F323A}.Debug|x64.Build.0 = Debug|x64
		{6B918AD2-D508-33EA-B310-02711E0F323A}.Release|x64.ActiveCfg = Release|x64
		{6B918AD2-D508-33EA-B310-02711E0F323A}.Release|x64.Build.0 = Release|x64
		{6B918AD2-D508-33EA-B310-02711E0F323A}.MinSizeRel|x64.ActiveCfg = MinSizeRel|x64
		{6B918AD2-D508-33EA-B310-02711E0F323A}.MinSizeRel|x64.Build.0 = MinSizeRel|x64
		{6B918AD2-D508-33EA-B310-02711E0F323A}.RelWithDebInfo|x64.ActiveCfg = RelWithDebInfo|x64
		{6B918AD2-D508-33EA-B310-02711E0F323A}.RelWithDebInfo|x64.Build.0 = RelWithDebInfo|x64
		{B20D1593-5F0E-3581-80C8-25BC87FC00AB}.Debug|x64.ActiveCfg = Debug|x64
		{B20D1593-5F0E-3581-80C8-25BC87FC00AB}.Debug|x64.Build.0 = Debug|x64
		{B20D1593-5F0E-3581-80C8-25BC87FC00AB}.Release|x64.ActiveCfg = Release|x64
		{B20D1593-5F0E-3581-80C8-25BC87FC00AB}.Release|x64.Build.0 = Release|x64
		{B20D1593-5F0E-3581-80C8-25BC87FC00AB}.MinSizeRel|x64.ActiveCfg = MinSizeRel|x64
		{B20D1593-5F0E-3581-80C8-25BC87FC00AB}.MinSizeRel|x64.Build.0 = MinSizeRel|x64
		{B20D1593-5F0E-3581-80C8-25BC87FC00AB}.RelWithDebInfo|x64.ActiveCfg = RelWithDebInfo|x64
		{B20D1593-5F0E-3581-80C8-25BC87FC00AB}.RelWithDebInfo|x64.Build.0 = RelWithDebInfo|x64
		{B1E73204-3808-3D36-8E22-E9D794B00762}.Debug|x64.ActiveCfg = Debug|x64
		{B1E73204-3808-3D36-8E22-E9D794B00762}.Debug|x64.Build.0 = Debug|x64
		{B1E73204-3808-3D36-8E22-E9D794B00762}.Release|x64.ActiveCfg = Release|x64
		{B1E73204-3808-3D36-8E22-E9D794B00762}.Release|x64.Build.0 = Release|x64
		{B1E73204-3808-3D36-8E22-E9D794B00762}.MinSizeRel|x64.ActiveCfg = MinSizeRel|x64
		{B1E73204-3808-3D36-8E22-E9D794B00762}.MinSizeRel|x64.Build.0 = MinSizeRel|x64
		{B1E73204-3808-3D36-8E22-E9D794B00762}.RelWithDebInfo|x64.ActiveCfg = RelWithDebInfo|x64
		{B1E73204-3808-3D36-8E22-E9D794B00762}.RelWithDebInfo|x64.Build.0 = RelWithDebInfo|x64
		{0111A699-69D6-357D-8759-0F0357688ED6}.Debug|x64.ActiveCfg = Debug|x64
		{0111A699-69D6-357D-8759-0F0357688ED6}.Debug|x64.Build.0 = Debug|x64
		{0111A699-69D6-357D-8759-0F0357688ED6}.Release|x64.ActiveCfg = Release|x64
		{0111A699-69D6-357D-8759-0F0357688ED6}.Release|x64.Build.0 = Release|x64
		{0111A699-69D6-357D-8759-0F0357688ED6}.MinSizeRel|x64.ActiveCfg = MinSizeRel|x64
		{0111A699-69D6-357D-8759-0F0357688ED6}.MinSizeRel|x64.Build.0 = MinSizeRel|x64
		{0111A699-69D6-357D-8759-0F0357688ED6}.RelWithDebInfo|x64.ActiveCfg = RelWithDebInfo|x64
		{0111A699-69D6-357D-8759-0F0357688ED6}.RelWithDebInfo|x64.Build.0 = RelWithDebInfo|x64
		{A9062A7B-32A4-3A02-A14B-6970EE65FB2D}.Debug|x64.ActiveCfg = Debug|x64
		{A9062A7B-32A4-3A02-A14B-6970EE65FB2D}.Debug|x64.Build.0 = Debug|x64
		{A9062A7B-32A4-3A02-A14B-6970EE65FB2D}.Release|x64.ActiveCfg = Release|x64
		{A9062A7B-32A4-3A02-A14B-6970EE65FB2D}.Release|x64.Build.0 = Release|x64
		{A9062A7B-32A4-3A02-A14B-6970EE65FB2D}.MinSizeRel|x64.ActiveCfg = MinSizeRel|x64
		{A9062A7B-32A4-3A02-A14B-6970EE65FB2D}.MinSizeRel|x64.Build.0 = MinSizeRel|x64
		{A9062A7B-32A4-3A02-A14B-6970EE65FB2D}.RelWithDebInfo|x64.ActiveCfg = RelWithDebInfo|x64
		{A9062A7B-32A4-3A02-A14B-6970EE65FB2D}.RelWithDebInfo|x64.Build.0 = RelWithDebInfo|x64
		{AAADD8E3-05B8-3921-8BF0-F644526586D7}.Debug|x64.ActiveCfg = Debug|x64
		{AAADD8E3-05B8-3921-8BF0-F644526586D7}.Debug|x64.Build.0 = Debug|x64
		{AAADD8E3-05B8-3921-8BF0-F644526586D7}.Release|x64.ActiveCfg = Release|x64
		{AAADD8E3-05B8-3921-8BF0-F644526586D7}.Release|x64.Build.0 = Release|x64
		{AAADD8E3-05B8-3921-8BF0-F644526586D7}.MinSizeRel|x64.ActiveCfg = MinSizeRel|x64
		{AAADD8E3-05B8-3921-8BF0-F644526586D7}.MinSizeRel|x64.Build.0 = MinSizeRel|x64
		{AAADD8E3-05B8-3921-8BF0-F644526586D7}.RelWithDebInfo|x64.ActiveCfg = RelWithDebInfo|x64
		{AAADD8E3-05B8-3921-8BF0-F644526586D7}.RelWithDebInfo|x64.Build.0 = RelWithDebInfo|x64
		{B4BCF8EB-84C2-32CA-B8CF-D4C9D6FBC290}.Debug|x64.ActiveCfg = Debug|x64
		{B4BCF8EB-84C2-32CA-B8CF-D4C9D6FBC290}.Debug|x64.Build.0 = Debug|x64
		{B4BCF8EB-84C2-32CA-B8CF-D4C9D6FBC290}.Release|x64.ActiveCfg = Release|x64
		{B4BCF8EB-84C2-32CA-B8CF-D4C9D6FBC290}.Release|x64.Build.0 = Release|x64
		{B4BCF8EB-84C2-32CA-B8CF-D4C9D6FBC290}.MinSizeRel|x64.ActiveCfg = MinSizeRel|x64
		{B4BCF8EB-84C2-32CA-B8CF-D4C9D6FBC290}.MinSizeRel|x64.Build.0 = MinSizeRel|x64
		{B4BCF8EB-84C2-32CA-B8CF-D4C9D6FBC290}.RelWithDebInfo|x64.ActiveCfg = RelWithDebInfo|x64
		{B4BCF8EB-84C2-32CA-B8CF-D4C9D6FBC290}.RelWithDebInfo|x64.Build.0 = RelWithDebInfo|x64
		{7092F8F6-7132-3143-9713-EB8B7748BF66}.Debug|x64.ActiveCfg = Debug|x64
		{7092F8F6-7132-3143-9713-EB8B7748BF66}.Debug|x64.Build.0 = Debug|x64
		{7092F8F6-7132-3143-9713-EB8B7748BF66}.Release|x64.ActiveCfg = Release|x64
		{7092F8F6-7132-3143-9713-EB8B7748BF66}.Release|x64.Build.0 = Release|x64
		{7092F8F6-7132-3143-9713-EB8B7748BF66}.MinSizeRel|x64.ActiveCfg = MinSizeRel|x64
		{7092F8F6-7132-3143-9713-EB8B7748BF66}.MinSizeRel|x64.Build.0 = MinSizeRel|x64
		{7092F8F6-7132-3143-9713-EB8B7748BF66}.RelWithDebInfo|x64.ActiveCfg = RelWithDebInfo|x64
		{7092F8F6-7132-3143-9713-EB8B7748BF66}.RelWithDebInfo|x64.Build.0 = RelWithDebInfo|x64
		{0AAC77E9-7EDA-3A9C-951C-F3B5BD0B0790}.Debug|x64.ActiveCfg = Debug|x64
		{0AAC77E9-7EDA-3A9C-951C-F3B5BD0B0790}.Debug|x64.Build.0 = Debug|x64
		{0AAC77E9-7EDA-3A9C-951C-F3B5BD0B0790}.Release|x64.ActiveCfg = Release|x64
		{0AAC77E9-7EDA-3A9C-951C-F3B5BD0B0790}.Release|x64.Build.0 = Release|x64
		{0AAC77E9-7EDA-3A9C-951C-F3B5BD0B0790}.MinSizeRel|x64.ActiveCfg = MinSizeRel|x64
		{0AAC77E9-7EDA-3A9C-951C-F3B5BD0B0790}.MinSizeRel|x64.Build.0 = MinSizeRel|x64
		{0AAC77E9-7EDA-3A9C-951C-F3B5BD0B0790}.RelWithDebInfo|x64.ActiveCfg = RelWithDebInfo|x64
		{0AAC77E9-7EDA-3A9C-951C-F3B5BD0B0790}.RelWithDebInfo|x64.Build.0 = RelWithDebInfo|x64
		{43F0BCA2-8743-307D-B533-2FCEA25121D4}.Debug|x64.ActiveCfg = Debug|x64
		{43F0BCA2-8743-307D-B533-2FCEA25121D4}.Debug|x64.Build.0 = Debug|x64
		{43F0BCA2-8743-307D-B533-2FCEA25121D4}.Release|x64.ActiveCfg = Release|x64
		{43F0BCA2-8743-307D-B533-2FCEA25121D4}.Release|x64.Build.0 = Release|x64
		{43F0BCA2-8743-307D-B533-2FCEA25121D4}.MinSizeRel|x64.ActiveCfg = MinSizeRel|x64
		{43F0BCA2-8743-307D-B533-2FCEA25121D4}.MinSizeRel|x64.Build.0 = MinSizeRel|x64
		{43F0BCA2-8743-307D-B533-2FCEA25121D4}.RelWithDebInfo|x64.ActiveCfg = RelWithDebInfo|x64
		{43F0BCA2-8743-307D-B533-2FCEA25121D4}.RelWithDebInfo|x64.Build.0 = RelWithDebInfo|x64
		{64D92DA8-7F82-3361-AE12-25FB8C8934CE}.Debug|x64.ActiveCfg = Debug|x64
		{64D92DA8-7F82-3361-AE12-25FB8C8934CE}.Debug|x64.Build.0 = Debug|x64
		{64D92DA8-7F82-3361-AE12-25FB8C8934CE}.Release|x64.ActiveCfg = Release|x64
		{64D92DA8-7F82-3361-AE12-25FB8C8934CE}.Release|x64.Build.0 = Release|x64
		{64D92DA8-7F82-3361-AE12-25FB8C8934CE}.MinSizeRel|x64.ActiveCfg = MinSizeRel|x64
		{64D92DA8-7F82-3361-AE12-25FB8C8934CE}.MinSizeRel|x64.Build.0 = MinSizeRel|x64
		{64D92DA8-7F82-3361-AE12-25FB8C8934CE}.RelWithDebInfo|x64.ActiveCfg = RelWithDebInfo|x64
		{64D92DA8-7F82-3361-AE12-25FB8C8934CE}.RelWithDebInfo|x64.Build.0 = RelWithDebInfo|x64
		{4A730023-387D-3BB5-900C-99F8DA8C990A}.Debug|x64.ActiveCfg = Debug|x64
		{4A730023-387D-3BB5-900C-99F8DA8C990A}.Debug|x64.Build.0 = Debug|x64
		{4A730023-387D-3BB5-900C-99F8DA8C990A}.Release|x64.ActiveCfg = Release|x64
		{4A730023-387D-3BB5-900C-99F8DA8C990A}.Release|x64.Build.0 = Release|x64
		{4A730023-387D-3BB5-900C-99F8DA8C990A}.MinSizeRel|x64.ActiveCfg = MinSizeRel|x64
		{4A730023-387D-3BB5-900C-99F8DA8C990A}.MinSizeRel|x64.Build.0 = MinSizeRel|x64
		{4A730023-387D-3BB5-900C-99F8DA8C990A}.RelWithDebInfo|x64.ActiveCfg = RelWithDebInfo|x64
		{4A730023-387D-3BB5-900C-99F8DA8C990A}.RelWithDebInfo|x64.Build.0 = RelWithDebInfo|x64
		{8E2667A0-40FC-3B25-B5F0-31D133F754A9}.Debug|x64.ActiveCfg = Debug|x64
		{8E2667A0-40FC-3B25-B5F0-31D133F754A9}.Debug|x64.Build.0 = Debug|x64
		{8E2667A0-40FC-3B25-B5F0-31D133F754A9}.Release|x64.ActiveCfg = Release|x64
		{8E2667A0-40FC-3B25-B5F0-31D133F754A9}.Release|x64.Build.0 = Release|x64
		{8E2667A0-40FC-3B25-B5F0-31D133F754A9}.MinSizeRel|x64.ActiveCfg = MinSizeRel|x64
		{8E2667A0-40FC-3B25-B5F0-31D133F754A9}.MinSizeRel|x64.Build.0 = MinSizeRel|x64
		{8E2667A0-40FC-3B25-B5F0-31D133F754A9}.RelWithDebInfo|x64.ActiveCfg = RelWithDebInfo|x64
		{8E2667A0-40FC-3B25-B5F0-31D133F754A9}.RelWithDebInfo|x64.Build.0 = RelWithDebInfo|x64
	EndGlobalSection
	GlobalSection(ExtensibilityGlobals) = postSolution
		SolutionGuid = {3F30FC67-FBC1-3AEC-BB4F-896BBA45B28A}
	EndGlobalSection
	GlobalSection(ExtensibilityAddIns) = postSolution
	EndGlobalSection
EndGlobal
