Microsoft Visual Studio Solution File, Format Version 12.00
# Visual Studio 15
Project("{8BC9CEB8-8B4A-11D0-8D11-00A0C91BC942}") = "ALL_BUILD", "ALL_BUILD.vcxproj", "{43ADB1B0-FB12-3826-A09D-342AAAF0AED2}"
	ProjectSection(ProjectDependencies) = postProject
		{646A9D2C-35F6-3FC6-92DE-ABA952F37001} = {646A9D2C-35F6-3FC6-92DE-ABA952F37001}
		{BBA73133-9EF5-3034-B9B9-7A77E7B77052} = {BBA73133-9EF5-3034-B9B9-7A77E7B77052}
		{2136D7C1-34E0-316B-ABDC-2CC407E26E98} = {2136D7C1-34E0-316B-ABDC-2CC407E26E98}
		{9955D69D-4CAB-3416-A000-21800EAB76A7} = {9955D69D-4CAB-3416-A000-21800EAB76A7}
		{9660480F-2C34-3CEF-A10C-1BF53DFC08C2} = {9660480F-2C34-3CEF-A10C-1BF53DFC08C2}
		{A89D64AB-206C-390D-92E3-2002B12A22AE} = {A89D64AB-206C-390D-92E3-2002B12A22AE}
		{61A49483-C934-3136-B9F8-51A8EF0BD617} = {61A49483-C934-3136-B9F8-51A8EF0BD617}
		{BBE197D9-F07A-3E18-9B82-122B87A7F903} = {BBE197D9-F07A-3E18-9B82-122B87A7F903}
		{C01D6AC9-C29A-3C92-9159-97919959A664} = {C01D6AC9-C29A-3C92-9159-97919959A664}
		{AB35980A-397D-355C-9E9A-6E7D8FC0B1F9} = {AB35980A-397D-355C-9E9A-6E7D8FC0B1F9}
		{3ACD4102-4D9D-3539-9F9E-91B13BD7ED95} = {3ACD4102-4D9D-3539-9F9E-91B13BD7ED95}
		{4F3063B8-9932-3EC2-BF1B-49FF80A86C25} = {4F3063B8-9932-3EC2-BF1B-49FF80A86C25}
		{F067610E-0924-31D2-B3DA-F38587F088DC} = {F067610E-0924-31D2-B3DA-F38587F088DC}
		{9FA67160-3253-33D1-B188-8C4AABB16945} = {9FA67160-3253-33D1-B188-8C4AABB16945}
		{08B7B46E-249D-37DD-9BA8-87449C041529} = {08B7B46E-249D-37DD-9BA8-87449C041529}
	EndProjectSection
EndProject
Project("{8BC9CEB8-8B4A-11D0-8D11-00A0C91BC942}") = "INSTALL", "INSTALL.vcxproj", "{1C8D97D1-812F-3E21-90DD-42D14ABB9CF8}"
	ProjectSection(ProjectDependencies) = postProject
		{43ADB1B0-FB12-3826-A09D-342AAAF0AED2} = {43ADB1B0-FB12-3826-A09D-342AAAF0AED2}
		{646A9D2C-35F6-3FC6-92DE-ABA952F37001} = {646A9D2C-35F6-3FC6-92DE-ABA952F37001}
	EndProjectSection
EndProject
Project("{8BC9CEB8-8B4A-11D0-8D11-00A0C91BC942}") = "ZERO_CHECK", "ZERO_CHECK.vcxproj", "{646A9D2C-35F6-3FC6-92DE-ABA952F37001}"
	ProjectSection(ProjectDependencies) = postProject
	EndProjectSection
EndProject
Project("{8BC9CEB8-8B4A-11D0-8D11-00A0C91BC942}") = "afl-analyze", "afl-analyze.vcxproj", "{BBA73133-9EF5-3034-B9B9-7A77E7B77052}"
	ProjectSection(ProjectDependencies) = postProject
		{646A9D2C-35F6-3FC6-92DE-ABA952F37001} = {646A9D2C-35F6-3FC6-92DE-ABA952F37001}
	EndProjectSection
EndProject
Project("{8BC9CEB8-8B4A-11D0-8D11-00A0C91BC942}") = "afl-fuzz", "afl-fuzz.vcxproj", "{2136D7C1-34E0-316B-ABDC-2CC407E26E98}"
	ProjectSection(ProjectDependencies) = postProject
		{646A9D2C-35F6-3FC6-92DE-ABA952F37001} = {646A9D2C-35F6-3FC6-92DE-ABA952F37001}
		{BBE197D9-F07A-3E18-9B82-122B87A7F903} = {BBE197D9-F07A-3E18-9B82-122B87A7F903}
		{08B7B46E-249D-37DD-9BA8-87449C041529} = {08B7B46E-249D-37DD-9BA8-87449C041529}
	EndProjectSection
EndProject
Project("{8BC9CEB8-8B4A-11D0-8D11-00A0C91BC942}") = "afl-showmap", "afl-showmap.vcxproj", "{9955D69D-4CAB-3416-A000-21800EAB76A7}"
	ProjectSection(ProjectDependencies) = postProject
		{646A9D2C-35F6-3FC6-92DE-ABA952F37001} = {646A9D2C-35F6-3FC6-92DE-ABA952F37001}
	EndProjectSection
EndProject
Project("{8BC9CEB8-8B4A-11D0-8D11-00A0C91BC942}") = "afl-tmin", "afl-tmin.vcxproj", "{9660480F-2C34-3CEF-A10C-1BF53DFC08C2}"
	ProjectSection(ProjectDependencies) = postProject
		{646A9D2C-35F6-3FC6-92DE-ABA952F37001} = {646A9D2C-35F6-3FC6-92DE-ABA952F37001}
	EndProjectSection
EndProject
Project("{8BC9CEB8-8B4A-11D0-8D11-00A0C91BC942}") = "custom_net_fuzzer", "custom_net_fuzzer.vcxproj", "{A89D64AB-206C-390D-92E3-2002B12A22AE}"
	ProjectSection(ProjectDependencies) = postProject
		{646A9D2C-35F6-3FC6-92DE-ABA952F37001} = {646A9D2C-35F6-3FC6-92DE-ABA952F37001}
	EndProjectSection
EndProject
Project("{8BC9CEB8-8B4A-11D0-8D11-00A0C91BC942}") = "custom_winafl_server", "custom_winafl_server.vcxproj", "{61A49483-C934-3136-B9F8-51A8EF0BD617}"
	ProjectSection(ProjectDependencies) = postProject
		{646A9D2C-35F6-3FC6-92DE-ABA952F37001} = {646A9D2C-35F6-3FC6-92DE-ABA952F37001}
	EndProjectSection
EndProject
Project("{8BC9CEB8-8B4A-11D0-8D11-00A0C91BC942}") = "libipt", "third_party\processor-trace\libipt\libipt.vcxproj", "{BBE197D9-F07A-3E18-9B82-122B87A7F903}"
	ProjectSection(ProjectDependencies) = postProject
		{646A9D2C-35F6-3FC6-92DE-ABA952F37001} = {646A9D2C-35F6-3FC6-92DE-ABA952F37001}
	EndProjectSection
EndProject
Project("{8BC9CEB8-8B4A-11D0-8D11-00A0C91BC942}") = "test", "test.vcxproj", "{C01D6AC9-C29A-3C92-9159-97919959A664}"
	ProjectSection(ProjectDependencies) = postProject
		{646A9D2C-35F6-3FC6-92DE-ABA952F37001} = {646A9D2C-35F6-3FC6-92DE-ABA952F37001}
	EndProjectSection
EndProject
Project("{8BC9CEB8-8B4A-11D0-8D11-00A0C91BC942}") = "test_gdiplus", "test_gdiplus.vcxproj", "{AB35980A-397D-355C-9E9A-6E7D8FC0B1F9}"
	ProjectSection(ProjectDependencies) = postProject
		{646A9D2C-35F6-3FC6-92DE-ABA952F37001} = {646A9D2C-35F6-3FC6-92DE-ABA952F37001}
	EndProjectSection
EndProject
Project("{8BC9CEB8-8B4A-11D0-8D11-00A0C91BC942}") = "test_netmode", "test_netmode.vcxproj", "{3ACD4102-4D9D-3539-9F9E-91B13BD7ED95}"
	ProjectSection(ProjectDependencies) = postProject
		{646A9D2C-35F6-3FC6-92DE-ABA952F37001} = {646A9D2C-35F6-3FC6-92DE-ABA952F37001}
	EndProjectSection
EndProject
Project("{8BC9CEB8-8B4A-11D0-8D11-00A0C91BC942}") = "test_servermode", "test_servermode.vcxproj", "{4F3063B8-9932-3EC2-BF1B-49FF80A86C25}"
	ProjectSection(ProjectDependencies) = postProject
		{646A9D2C-35F6-3FC6-92DE-ABA952F37001} = {646A9D2C-35F6-3FC6-92DE-ABA952F37001}
	EndProjectSection
EndProject
Project("{8BC9CEB8-8B4A-11D0-8D11-00A0C91BC942}") = "winafl", "winafl.vcxproj", "{F067610E-0924-31D2-B3DA-F38587F088DC}"
	ProjectSection(ProjectDependencies) = postProject
		{646A9D2C-35F6-3FC6-92DE-ABA952F37001} = {646A9D2C-35F6-3FC6-92DE-ABA952F37001}
	EndProjectSection
EndProject
Project("{8BC9CEB8-8B4A-11D0-8D11-00A0C91BC942}") = "winaflpt-debug", "winaflpt-debug.vcxproj", "{9FA67160-3253-33D1-B188-8C4AABB16945}"
	ProjectSection(ProjectDependencies) = postProject
		{646A9D2C-35F6-3FC6-92DE-ABA952F37001} = {646A9D2C-35F6-3FC6-92DE-ABA952F37001}
		{BBE197D9-F07A-3E18-9B82-122B87A7F903} = {BBE197D9-F07A-3E18-9B82-122B87A7F903}
		{08B7B46E-249D-37DD-9BA8-87449C041529} = {08B7B46E-249D-37DD-9BA8-87449C041529}
	EndProjectSection
EndProject
Project("{8BC9CEB8-8B4A-11D0-8D11-00A0C91BC942}") = "winipt", "winipt.vcxproj", "{08B7B46E-249D-37DD-9BA8-87449C041529}"
	ProjectSection(ProjectDependencies) = postProject
		{646A9D2C-35F6-3FC6-92DE-ABA952F37001} = {646A9D2C-35F6-3FC6-92DE-ABA952F37001}
	EndProjectSection
EndProject
Global
	GlobalSection(SolutionConfigurationPlatforms) = preSolution
		Debug|x64 = Debug|x64
		Release|x64 = Release|x64
		MinSizeRel|x64 = MinSizeRel|x64
		RelWithDebInfo|x64 = RelWithDebInfo|x64
	EndGlobalSection
	GlobalSection(ProjectConfigurationPlatforms) = postSolution
		{43ADB1B0-FB12-3826-A09D-342AAAF0AED2}.Debug|x64.ActiveCfg = Debug|x64
		{43ADB1B0-FB12-3826-A09D-342AAAF0AED2}.Debug|x64.Build.0 = Debug|x64
		{43ADB1B0-FB12-3826-A09D-342AAAF0AED2}.Release|x64.ActiveCfg = Release|x64
		{43ADB1B0-FB12-3826-A09D-342AAAF0AED2}.Release|x64.Build.0 = Release|x64
		{43ADB1B0-FB12-3826-A09D-342AAAF0AED2}.MinSizeRel|x64.ActiveCfg = MinSizeRel|x64
		{43ADB1B0-FB12-3826-A09D-342AAAF0AED2}.MinSizeRel|x64.Build.0 = MinSizeRel|x64
		{43ADB1B0-FB12-3826-A09D-342AAAF0AED2}.RelWithDebInfo|x64.ActiveCfg = RelWithDebInfo|x64
		{43ADB1B0-FB12-3826-A09D-342AAAF0AED2}.RelWithDebInfo|x64.Build.0 = RelWithDebInfo|x64
		{1C8D97D1-812F-3E21-90DD-42D14ABB9CF8}.Debug|x64.ActiveCfg = Debug|x64
		{1C8D97D1-812F-3E21-90DD-42D14ABB9CF8}.Release|x64.ActiveCfg = Release|x64
		{1C8D97D1-812F-3E21-90DD-42D14ABB9CF8}.MinSizeRel|x64.ActiveCfg = MinSizeRel|x64
		{1C8D97D1-812F-3E21-90DD-42D14ABB9CF8}.RelWithDebInfo|x64.ActiveCfg = RelWithDebInfo|x64
		{646A9D2C-35F6-3FC6-92DE-ABA952F37001}.Debug|x64.ActiveCfg = Debug|x64
		{646A9D2C-35F6-3FC6-92DE-ABA952F37001}.Debug|x64.Build.0 = Debug|x64
		{646A9D2C-35F6-3FC6-92DE-ABA952F37001}.Release|x64.ActiveCfg = Release|x64
		{646A9D2C-35F6-3FC6-92DE-ABA952F37001}.Release|x64.Build.0 = Release|x64
		{646A9D2C-35F6-3FC6-92DE-ABA952F37001}.MinSizeRel|x64.ActiveCfg = MinSizeRel|x64
		{646A9D2C-35F6-3FC6-92DE-ABA952F37001}.MinSizeRel|x64.Build.0 = MinSizeRel|x64
		{646A9D2C-35F6-3FC6-92DE-ABA952F37001}.RelWithDebInfo|x64.ActiveCfg = RelWithDebInfo|x64
		{646A9D2C-35F6-3FC6-92DE-ABA952F37001}.RelWithDebInfo|x64.Build.0 = RelWithDebInfo|x64
		{BBA73133-9EF5-3034-B9B9-7A77E7B77052}.Debug|x64.ActiveCfg = Debug|x64
		{BBA73133-9EF5-3034-B9B9-7A77E7B77052}.Debug|x64.Build.0 = Debug|x64
		{BBA73133-9EF5-3034-B9B9-7A77E7B77052}.Release|x64.ActiveCfg = Release|x64
		{BBA73133-9EF5-3034-B9B9-7A77E7B77052}.Release|x64.Build.0 = Release|x64
		{BBA73133-9EF5-3034-B9B9-7A77E7B77052}.MinSizeRel|x64.ActiveCfg = MinSizeRel|x64
		{BBA73133-9EF5-3034-B9B9-7A77E7B77052}.MinSizeRel|x64.Build.0 = MinSizeRel|x64
		{BBA73133-9EF5-3034-B9B9-7A77E7B77052}.RelWithDebInfo|x64.ActiveCfg = RelWithDebInfo|x64
		{BBA73133-9EF5-3034-B9B9-7A77E7B77052}.RelWithDebInfo|x64.Build.0 = RelWithDebInfo|x64
		{2136D7C1-34E0-316B-ABDC-2CC407E26E98}.Debug|x64.ActiveCfg = Debug|x64
		{2136D7C1-34E0-316B-ABDC-2CC407E26E98}.Debug|x64.Build.0 = Debug|x64
		{2136D7C1-34E0-316B-ABDC-2CC407E26E98}.Release|x64.ActiveCfg = Release|x64
		{2136D7C1-34E0-316B-ABDC-2CC407E26E98}.Release|x64.Build.0 = Release|x64
		{2136D7C1-34E0-316B-ABDC-2CC407E26E98}.MinSizeRel|x64.ActiveCfg = MinSizeRel|x64
		{2136D7C1-34E0-316B-ABDC-2CC407E26E98}.MinSizeRel|x64.Build.0 = MinSizeRel|x64
		{2136D7C1-34E0-316B-ABDC-2CC407E26E98}.RelWithDebInfo|x64.ActiveCfg = RelWithDebInfo|x64
		{2136D7C1-34E0-316B-ABDC-2CC407E26E98}.RelWithDebInfo|x64.Build.0 = RelWithDebInfo|x64
		{9955D69D-4CAB-3416-A000-21800EAB76A7}.Debug|x64.ActiveCfg = Debug|x64
		{9955D69D-4CAB-3416-A000-21800EAB76A7}.Debug|x64.Build.0 = Debug|x64
		{9955D69D-4CAB-3416-A000-21800EAB76A7}.Release|x64.ActiveCfg = Release|x64
		{9955D69D-4CAB-3416-A000-21800EAB76A7}.Release|x64.Build.0 = Release|x64
		{9955D69D-4CAB-3416-A000-21800EAB76A7}.MinSizeRel|x64.ActiveCfg = MinSizeRel|x64
		{9955D69D-4CAB-3416-A000-21800EAB76A7}.MinSizeRel|x64.Build.0 = MinSizeRel|x64
		{9955D69D-4CAB-3416-A000-21800EAB76A7}.RelWithDebInfo|x64.ActiveCfg = RelWithDebInfo|x64
		{9955D69D-4CAB-3416-A000-21800EAB76A7}.RelWithDebInfo|x64.Build.0 = RelWithDebInfo|x64
		{9660480F-2C34-3CEF-A10C-1BF53DFC08C2}.Debug|x64.ActiveCfg = Debug|x64
		{9660480F-2C34-3CEF-A10C-1BF53DFC08C2}.Debug|x64.Build.0 = Debug|x64
		{9660480F-2C34-3CEF-A10C-1BF53DFC08C2}.Release|x64.ActiveCfg = Release|x64
		{9660480F-2C34-3CEF-A10C-1BF53DFC08C2}.Release|x64.Build.0 = Release|x64
		{9660480F-2C34-3CEF-A10C-1BF53DFC08C2}.MinSizeRel|x64.ActiveCfg = MinSizeRel|x64
		{9660480F-2C34-3CEF-A10C-1BF53DFC08C2}.MinSizeRel|x64.Build.0 = MinSizeRel|x64
		{9660480F-2C34-3CEF-A10C-1BF53DFC08C2}.RelWithDebInfo|x64.ActiveCfg = RelWithDebInfo|x64
		{9660480F-2C34-3CEF-A10C-1BF53DFC08C2}.RelWithDebInfo|x64.Build.0 = RelWithDebInfo|x64
		{A89D64AB-206C-390D-92E3-2002B12A22AE}.Debug|x64.ActiveCfg = Debug|x64
		{A89D64AB-206C-390D-92E3-2002B12A22AE}.Debug|x64.Build.0 = Debug|x64
		{A89D64AB-206C-390D-92E3-2002B12A22AE}.Release|x64.ActiveCfg = Release|x64
		{A89D64AB-206C-390D-92E3-2002B12A22AE}.Release|x64.Build.0 = Release|x64
		{A89D64AB-206C-390D-92E3-2002B12A22AE}.MinSizeRel|x64.ActiveCfg = MinSizeRel|x64
		{A89D64AB-206C-390D-92E3-2002B12A22AE}.MinSizeRel|x64.Build.0 = MinSizeRel|x64
		{A89D64AB-206C-390D-92E3-2002B12A22AE}.RelWithDebInfo|x64.ActiveCfg = RelWithDebInfo|x64
		{A89D64AB-206C-390D-92E3-2002B12A22AE}.RelWithDebInfo|x64.Build.0 = RelWithDebInfo|x64
		{61A49483-C934-3136-B9F8-51A8EF0BD617}.Debug|x64.ActiveCfg = Debug|x64
		{61A49483-C934-3136-B9F8-51A8EF0BD617}.Debug|x64.Build.0 = Debug|x64
		{61A49483-C934-3136-B9F8-51A8EF0BD617}.Release|x64.ActiveCfg = Release|x64
		{61A49483-C934-3136-B9F8-51A8EF0BD617}.Release|x64.Build.0 = Release|x64
		{61A49483-C934-3136-B9F8-51A8EF0BD617}.MinSizeRel|x64.ActiveCfg = MinSizeRel|x64
		{61A49483-C934-3136-B9F8-51A8EF0BD617}.MinSizeRel|x64.Build.0 = MinSizeRel|x64
		{61A49483-C934-3136-B9F8-51A8EF0BD617}.RelWithDebInfo|x64.ActiveCfg = RelWithDebInfo|x64
		{61A49483-C934-3136-B9F8-51A8EF0BD617}.RelWithDebInfo|x64.Build.0 = RelWithDebInfo|x64
		{BBE197D9-F07A-3E18-9B82-122B87A7F903}.Debug|x64.ActiveCfg = Debug|x64
		{BBE197D9-F07A-3E18-9B82-122B87A7F903}.Debug|x64.Build.0 = Debug|x64
		{BBE197D9-F07A-3E18-9B82-122B87A7F903}.Release|x64.ActiveCfg = Release|x64
		{BBE197D9-F07A-3E18-9B82-122B87A7F903}.Release|x64.Build.0 = Release|x64
		{BBE197D9-F07A-3E18-9B82-122B87A7F903}.MinSizeRel|x64.ActiveCfg = MinSizeRel|x64
		{BBE197D9-F07A-3E18-9B82-122B87A7F903}.MinSizeRel|x64.Build.0 = MinSizeRel|x64
		{BBE197D9-F07A-3E18-9B82-122B87A7F903}.RelWithDebInfo|x64.ActiveCfg = RelWithDebInfo|x64
		{BBE197D9-F07A-3E18-9B82-122B87A7F903}.RelWithDebInfo|x64.Build.0 = RelWithDebInfo|x64
		{C01D6AC9-C29A-3C92-9159-97919959A664}.Debug|x64.ActiveCfg = Debug|x64
		{C01D6AC9-C29A-3C92-9159-97919959A664}.Debug|x64.Build.0 = Debug|x64
		{C01D6AC9-C29A-3C92-9159-97919959A664}.Release|x64.ActiveCfg = Release|x64
		{C01D6AC9-C29A-3C92-9159-97919959A664}.Release|x64.Build.0 = Release|x64
		{C01D6AC9-C29A-3C92-9159-97919959A664}.MinSizeRel|x64.ActiveCfg = MinSizeRel|x64
		{C01D6AC9-C29A-3C92-9159-97919959A664}.MinSizeRel|x64.Build.0 = MinSizeRel|x64
		{C01D6AC9-C29A-3C92-9159-97919959A664}.RelWithDebInfo|x64.ActiveCfg = RelWithDebInfo|x64
		{C01D6AC9-C29A-3C92-9159-97919959A664}.RelWithDebInfo|x64.Build.0 = RelWithDebInfo|x64
		{AB35980A-397D-355C-9E9A-6E7D8FC0B1F9}.Debug|x64.ActiveCfg = Debug|x64
		{AB35980A-397D-355C-9E9A-6E7D8FC0B1F9}.Debug|x64.Build.0 = Debug|x64
		{AB35980A-397D-355C-9E9A-6E7D8FC0B1F9}.Release|x64.ActiveCfg = Release|x64
		{AB35980A-397D-355C-9E9A-6E7D8FC0B1F9}.Release|x64.Build.0 = Release|x64
		{AB35980A-397D-355C-9E9A-6E7D8FC0B1F9}.MinSizeRel|x64.ActiveCfg = MinSizeRel|x64
		{AB35980A-397D-355C-9E9A-6E7D8FC0B1F9}.MinSizeRel|x64.Build.0 = MinSizeRel|x64
		{AB35980A-397D-355C-9E9A-6E7D8FC0B1F9}.RelWithDebInfo|x64.ActiveCfg = RelWithDebInfo|x64
		{AB35980A-397D-355C-9E9A-6E7D8FC0B1F9}.RelWithDebInfo|x64.Build.0 = RelWithDebInfo|x64
		{3ACD4102-4D9D-3539-9F9E-91B13BD7ED95}.Debug|x64.ActiveCfg = Debug|x64
		{3ACD4102-4D9D-3539-9F9E-91B13BD7ED95}.Debug|x64.Build.0 = Debug|x64
		{3ACD4102-4D9D-3539-9F9E-91B13BD7ED95}.Release|x64.ActiveCfg = Release|x64
		{3ACD4102-4D9D-3539-9F9E-91B13BD7ED95}.Release|x64.Build.0 = Release|x64
		{3ACD4102-4D9D-3539-9F9E-91B13BD7ED95}.MinSizeRel|x64.ActiveCfg = MinSizeRel|x64
		{3ACD4102-4D9D-3539-9F9E-91B13BD7ED95}.MinSizeRel|x64.Build.0 = MinSizeRel|x64
		{3ACD4102-4D9D-3539-9F9E-91B13BD7ED95}.RelWithDebInfo|x64.ActiveCfg = RelWithDebInfo|x64
		{3ACD4102-4D9D-3539-9F9E-91B13BD7ED95}.RelWithDebInfo|x64.Build.0 = RelWithDebInfo|x64
		{4F3063B8-9932-3EC2-BF1B-49FF80A86C25}.Debug|x64.ActiveCfg = Debug|x64
		{4F3063B8-9932-3EC2-BF1B-49FF80A86C25}.Debug|x64.Build.0 = Debug|x64
		{4F3063B8-9932-3EC2-BF1B-49FF80A86C25}.Release|x64.ActiveCfg = Release|x64
		{4F3063B8-9932-3EC2-BF1B-49FF80A86C25}.Release|x64.Build.0 = Release|x64
		{4F3063B8-9932-3EC2-BF1B-49FF80A86C25}.MinSizeRel|x64.ActiveCfg = MinSizeRel|x64
		{4F3063B8-9932-3EC2-BF1B-49FF80A86C25}.MinSizeRel|x64.Build.0 = MinSizeRel|x64
		{4F3063B8-9932-3EC2-BF1B-49FF80A86C25}.RelWithDebInfo|x64.ActiveCfg = RelWithDebInfo|x64
		{4F3063B8-9932-3EC2-BF1B-49FF80A86C25}.RelWithDebInfo|x64.Build.0 = RelWithDebInfo|x64
		{F067610E-0924-31D2-B3DA-F38587F088DC}.Debug|x64.ActiveCfg = Debug|x64
		{F067610E-0924-31D2-B3DA-F38587F088DC}.Debug|x64.Build.0 = Debug|x64
		{F067610E-0924-31D2-B3DA-F38587F088DC}.Release|x64.ActiveCfg = Release|x64
		{F067610E-0924-31D2-B3DA-F38587F088DC}.Release|x64.Build.0 = Release|x64
		{F067610E-0924-31D2-B3DA-F38587F088DC}.MinSizeRel|x64.ActiveCfg = MinSizeRel|x64
		{F067610E-0924-31D2-B3DA-F38587F088DC}.MinSizeRel|x64.Build.0 = MinSizeRel|x64
		{F067610E-0924-31D2-B3DA-F38587F088DC}.RelWithDebInfo|x64.ActiveCfg = RelWithDebInfo|x64
		{F067610E-0924-31D2-B3DA-F38587F088DC}.RelWithDebInfo|x64.Build.0 = RelWithDebInfo|x64
		{9FA67160-3253-33D1-B188-8C4AABB16945}.Debug|x64.ActiveCfg = Debug|x64
		{9FA67160-3253-33D1-B188-8C4AABB16945}.Debug|x64.Build.0 = Debug|x64
		{9FA67160-3253-33D1-B188-8C4AABB16945}.Release|x64.ActiveCfg = Release|x64
		{9FA67160-3253-33D1-B188-8C4AABB16945}.Release|x64.Build.0 = Release|x64
		{9FA67160-3253-33D1-B188-8C4AABB16945}.MinSizeRel|x64.ActiveCfg = MinSizeRel|x64
		{9FA67160-3253-33D1-B188-8C4AABB16945}.MinSizeRel|x64.Build.0 = MinSizeRel|x64
		{9FA67160-3253-33D1-B188-8C4AABB16945}.RelWithDebInfo|x64.ActiveCfg = RelWithDebInfo|x64
		{9FA67160-3253-33D1-B188-8C4AABB16945}.RelWithDebInfo|x64.Build.0 = RelWithDebInfo|x64
		{08B7B46E-249D-37DD-9BA8-87449C041529}.Debug|x64.ActiveCfg = Debug|x64
		{08B7B46E-249D-37DD-9BA8-87449C041529}.Debug|x64.Build.0 = Debug|x64
		{08B7B46E-249D-37DD-9BA8-87449C041529}.Release|x64.ActiveCfg = Release|x64
		{08B7B46E-249D-37DD-9BA8-87449C041529}.Release|x64.Build.0 = Release|x64
		{08B7B46E-249D-37DD-9BA8-87449C041529}.MinSizeRel|x64.ActiveCfg = MinSizeRel|x64
		{08B7B46E-249D-37DD-9BA8-87449C041529}.MinSizeRel|x64.Build.0 = MinSizeRel|x64
		{08B7B46E-249D-37DD-9BA8-87449C041529}.RelWithDebInfo|x64.ActiveCfg = RelWithDebInfo|x64
		{08B7B46E-249D-37DD-9BA8-87449C041529}.RelWithDebInfo|x64.Build.0 = RelWithDebInfo|x64
	EndGlobalSection
	GlobalSection(ExtensibilityGlobals) = postSolution
		SolutionGuid = {6DDC85C4-3671-39BA-9322-1285B2B6A703}
	EndGlobalSection
	GlobalSection(ExtensibilityAddIns) = postSolution
	EndGlobalSection
EndGlobal
